
Microsoft Visual Studio Solution File, Format Version 12.00
# Visual Studio Version 17
VisualStudioVersion = 17.2.32602.215
MinimumVisualStudioVersion = 10.0.40219.1
Project("{FAE04EC0-301F-11D3-BF4B-00C04F79EFBC}") = "ECommerce.API.Products", "ECommerce.API.Products\ECommerce.API.Products.csproj", "{89A0ABA4-6D47-4A31-BD84-4C3A7F380D1D}"
EndProject
Project("{FAE04EC0-301F-11D3-BF4B-00C04F79EFBC}") = "ECommerce.API.Customers", "ECommerce.API.Customers\ECommerce.API.Customers.csproj", "{7261AB22-0D32-4E3A-8E4C-8E458217C35D}"
EndProject
Project("{FAE04EC0-301F-11D3-BF4B-00C04F79EFBC}") = "ECommerce.API.Orders", "ECommerce.API.Orders\ECommerce.API.Orders.csproj", "{C61601DE-E31C-4B21-92EE-3520A534BDE7}"
EndProject
Project("{FAE04EC0-301F-11D3-BF4B-00C04F79EFBC}") = "ECommerce.API.Search", "ECommerce.API.Search\ECommerce.API.Search.csproj", "{C02C2FD0-30A9-449D-826E-F73AFDA9585F}"
EndProject
Global
	GlobalSection(SolutionConfigurationPlatforms) = preSolution
		Debug|Any CPU = Debug|Any CPU
		Release|Any CPU = Release|Any CPU
	EndGlobalSection
	GlobalSection(ProjectConfigurationPlatforms) = postSolution
		{89A0ABA4-6D47-4A31-BD84-4C3A7F380D1D}.Debug|Any CPU.ActiveCfg = Debug|Any CPU
		{89A0ABA4-6D47-4A31-BD84-4C3A7F380D1D}.Debug|Any CPU.Build.0 = Debug|Any CPU
		{89A0ABA4-6D47-4A31-BD84-4C3A7F380D1D}.Release|Any CPU.ActiveCfg = Release|Any CPU
		{89A0ABA4-6D47-4A31-BD84-4C3A7F380D1D}.Release|Any CPU.Build.0 = Release|Any CPU
		{7261AB22-0D32-4E3A-8E4C-8E458217C35D}.Debug|Any CPU.ActiveCfg = Debug|Any CPU
		{7261AB22-0D32-4E3A-8E4C-8E458217C35D}.Debug|Any CPU.Build.0 = Debug|Any CPU
		{7261AB22-0D32-4E3A-8E4C-8E458217C35D}.Release|Any CPU.ActiveCfg = Release|Any CPU
		{7261AB22-0D32-4E3A-8E4C-8E458217C35D}.Release|Any CPU.Build.0 = Release|Any CPU
		{C61601DE-E31C-4B21-92EE-3520A534BDE7}.Debug|Any CPU.ActiveCfg = Debug|Any CPU
		{C61601DE-E31C-4B21-92EE-3520A534BDE7}.Debug|Any CPU.Build.0 = Debug|Any CPU
		{C61601DE-E31C-4B21-92EE-3520A534BDE7}.Release|Any CPU.ActiveCfg = Release|Any CPU
		{C61601DE-E31C-4B21-92EE-3520A534BDE7}.Release|Any CPU.Build.0 = Release|Any CPU
		{C02C2FD0-30A9-449D-826E-F73AFDA9585F}.Debug|Any CPU.ActiveCfg = Debug|Any CPU
		{C02C2FD0-30A9-449D-826E-F73AFDA9585F}.Debug|Any CPU.Build.0 = Debug|Any CPU
		{C02C2FD0-30A9-449D-826E-F73AFDA9585F}.Release|Any CPU.ActiveCfg = Release|Any CPU
		{C02C2FD0-30A9-449D-826E-F73AFDA9585F}.Release|Any CPU.Build.0 = Release|Any CPU
	EndGlobalSection
	GlobalSection(SolutionProperties) = preSolution
		HideSolutionNode = FALSE
	EndGlobalSection
	GlobalSection(ExtensibilityGlobals) = postSolution
		SolutionGuid = {E97905A2-7FC1-454E-8F6B-C3CCC3B5E999}
	EndGlobalSection
EndGlobal
